
Microsoft Visual Studio Solution File, Format Version 12.00
# Visual Studio Version 17
VisualStudioVersion = 17.8.34330.188
MinimumVisualStudioVersion = 10.0.40219.1
Project("{FAE04EC0-301F-11D3-BF4B-00C04F79EFBC}") = "CountBundle", "CountBundle\CountBundle.csproj", "{07564198-2862-4729-8292-5E3D5595B37C}"
EndProject
Global
	GlobalSection(SolutionConfigurationPlatforms) = preSolution
		Debug|Any CPU = Debug|Any CPU
		Release|Any CPU = Release|Any CPU
	EndGlobalSection
	GlobalSection(ProjectConfigurationPlatforms) = postSolution
		{07564198-2862-4729-8292-5E3D5595B37C}.Debug|Any CPU.ActiveCfg = Debug|Any CPU
		{07564198-2862-4729-8292-5E3D5595B37C}.Debug|Any CPU.Build.0 = Debug|Any CPU
		{07564198-2862-4729-8292-5E3D5595B37C}.Release|Any CPU.ActiveCfg = Release|Any CPU
		{07564198-2862-4729-8292-5E3D5595B37C}.Release|Any CPU.Build.0 = Release|Any CPU
	EndGlobalSection
	GlobalSection(SolutionProperties) = preSolution
		HideSolutionNode = FALSE
	EndGlobalSection
	GlobalSection(ExtensibilityGlobals) = postSolution
		SolutionGuid = {20B3CF4E-9D99-4B14-9056-D4D156F593E6}
	EndGlobalSection
EndGlobal
